
Microsoft Visual Studio Solution File, Format Version 12.00
# Visual Studio 2013
VisualStudioVersion = 12.0.40629.0
MinimumVisualStudioVersion = 10.0.40219.1
Project("{FAE04EC0-301F-11D3-BF4B-00C04F79EFBC}") = "PBIMDataServer", "PBIMDataServer\PBIMDataServer.csproj", "{45FF6418-7D60-4BA4-B29F-E75A3ED54999}"
EndProject
Project("{2150E333-8FDC-42A3-9474-1A3956D46DE8}") = "Repository", "Repository", "{1E4EE2DE-E149-49C8-8CC4-F72CF82CB3EB}"
EndProject
Project("{2150E333-8FDC-42A3-9474-1A3956D46DE8}") = "Platform", "Platform", "{43A51781-7621-47A9-A4B1-667563D5BA49}"
EndProject
Project("{2150E333-8FDC-42A3-9474-1A3956D46DE8}") = "Model", "Model", "{AE0C8CAB-C635-458C-8A5B-085C298AA6D4}"
EndProject
Project("{2150E333-8FDC-42A3-9474-1A3956D46DE8}") = "Utility", "Utility", "{0ED1D3EC-171E-4864-A465-B9F9418D81F6}"
EndProject
Project("{FAE04EC0-301F-11D3-BF4B-00C04F79EFBC}") = "RepositoryFactory", "RepositoryFactory\RepositoryFactory.csproj", "{77008696-41D5-4FAB-A79A-2A2DA1461798}"
EndProject
Project("{FAE04EC0-301F-11D3-BF4B-00C04F79EFBC}") = "IRepository", "IRepository\IRepository.csproj", "{21B8F546-E123-4BB3-B761-A8B8E9235486}"
EndProject
Project("{FAE04EC0-301F-11D3-BF4B-00C04F79EFBC}") = "Repository", "Repository\Repository.csproj", "{98CBC8DA-531C-4615-9732-425639B14C1D}"
EndProject
Project("{FAE04EC0-301F-11D3-BF4B-00C04F79EFBC}") = "ApplicationService", "ApplicationService\ApplicationService.csproj", "{09106E49-9E7D-49BE-8793-4BB4FE35F9CB}"
EndProject
Project("{FAE04EC0-301F-11D3-BF4B-00C04F79EFBC}") = "IApplicationService", "IApplicationService\IApplicationService.csproj", "{B05C4763-5BB3-4FD2-8DB6-3753B1B09050}"
EndProject
Project("{FAE04EC0-301F-11D3-BF4B-00C04F79EFBC}") = "Utility", "Utility\Utility.csproj", "{7FA4187E-EC62-4FBE-932D-3D7C6EA1E4C1}"
EndProject
Project("{2150E333-8FDC-42A3-9474-1A3956D46DE8}") = "Log", "Log", "{0236F4A8-01EE-4766-AD37-E3A3A632DFB9}"
EndProject
Project("{2150E333-8FDC-42A3-9474-1A3956D46DE8}") = "Cache", "Cache", "{9509705A-EFED-4A2E-8136-7285057BD43C}"
EndProject
Project("{FAE04EC0-301F-11D3-BF4B-00C04F79EFBC}") = "Log.LogFactory", "LogFactory\Log.LogFactory.csproj", "{25099E94-6E9A-4B11-850E-61C2F7257774}"
EndProject
Project("{FAE04EC0-301F-11D3-BF4B-00C04F79EFBC}") = "Log.ILog", "ILog\Log.ILog.csproj", "{DDD44E16-5E34-4F64-A7C6-605947374B2D}"
EndProject
Project("{FAE04EC0-301F-11D3-BF4B-00C04F79EFBC}") = "Log.Log4Net", "Log4Net\Log.Log4Net.csproj", "{E9FCA0AF-8C0F-4DC2-98E4-27AE4C890E63}"
EndProject
Project("{FAE04EC0-301F-11D3-BF4B-00C04F79EFBC}") = "Log.LogHelper", "LogHelper\Log.LogHelper.csproj", "{058C8901-037E-4C95-ACCB-6DB77EA24357}"
EndProject
Project("{FAE04EC0-301F-11D3-BF4B-00C04F79EFBC}") = "Cache.ICahe", "Cache.Interface\Cache.ICahe.csproj", "{DE1FA8BD-0FF2-446E-BF7E-B3664070126B}"
EndProject
Project("{FAE04EC0-301F-11D3-BF4B-00C04F79EFBC}") = "Cache.Factory", "Cache.Factory\Cache.Factory.csproj", "{0F29D925-1AE5-4383-9A69-AD6222BC60E5}"
EndProject
Project("{FAE04EC0-301F-11D3-BF4B-00C04F79EFBC}") = "Cache.CacheHelper", "Cache.CacheHelper\Cache.CacheHelper.csproj", "{38C1F06C-863D-4A46-A438-070D1BF20167}"
EndProject
Project("{FAE04EC0-301F-11D3-BF4B-00C04F79EFBC}") = "Cache.HttpCache", "Cache.HttpCache\Cache.HttpCache.csproj", "{57D917BA-C838-4C4B-931A-AEA4CB16EFA6}"
EndProject
Global
	GlobalSection(SolutionConfigurationPlatforms) = preSolution
		Debug|Any CPU = Debug|Any CPU
		Release|Any CPU = Release|Any CPU
	EndGlobalSection
	GlobalSection(ProjectConfigurationPlatforms) = postSolution
		{45FF6418-7D60-4BA4-B29F-E75A3ED54999}.Debug|Any CPU.ActiveCfg = Debug|Any CPU
		{45FF6418-7D60-4BA4-B29F-E75A3ED54999}.Debug|Any CPU.Build.0 = Debug|Any CPU
		{45FF6418-7D60-4BA4-B29F-E75A3ED54999}.Release|Any CPU.ActiveCfg = Release|Any CPU
		{45FF6418-7D60-4BA4-B29F-E75A3ED54999}.Release|Any CPU.Build.0 = Release|Any CPU
		{77008696-41D5-4FAB-A79A-2A2DA1461798}.Debug|Any CPU.ActiveCfg = Debug|Any CPU
		{77008696-41D5-4FAB-A79A-2A2DA1461798}.Debug|Any CPU.Build.0 = Debug|Any CPU
		{77008696-41D5-4FAB-A79A-2A2DA1461798}.Release|Any CPU.ActiveCfg = Release|Any CPU
		{77008696-41D5-4FAB-A79A-2A2DA1461798}.Release|Any CPU.Build.0 = Release|Any CPU
		{21B8F546-E123-4BB3-B761-A8B8E9235486}.Debug|Any CPU.ActiveCfg = Debug|Any CPU
		{21B8F546-E123-4BB3-B761-A8B8E9235486}.Debug|Any CPU.Build.0 = Debug|Any CPU
		{21B8F546-E123-4BB3-B761-A8B8E9235486}.Release|Any CPU.ActiveCfg = Release|Any CPU
		{21B8F546-E123-4BB3-B761-A8B8E9235486}.Release|Any CPU.Build.0 = Release|Any CPU
		{98CBC8DA-531C-4615-9732-425639B14C1D}.Debug|Any CPU.ActiveCfg = Debug|Any CPU
		{98CBC8DA-531C-4615-9732-425639B14C1D}.Debug|Any CPU.Build.0 = Debug|Any CPU
		{98CBC8DA-531C-4615-9732-425639B14C1D}.Release|Any CPU.ActiveCfg = Release|Any CPU
		{98CBC8DA-531C-4615-9732-425639B14C1D}.Release|Any CPU.Build.0 = Release|Any CPU
		{09106E49-9E7D-49BE-8793-4BB4FE35F9CB}.Debug|Any CPU.ActiveCfg = Debug|Any CPU
		{09106E49-9E7D-49BE-8793-4BB4FE35F9CB}.Debug|Any CPU.Build.0 = Debug|Any CPU
		{09106E49-9E7D-49BE-8793-4BB4FE35F9CB}.Release|Any CPU.ActiveCfg = Release|Any CPU
		{09106E49-9E7D-49BE-8793-4BB4FE35F9CB}.Release|Any CPU.Build.0 = Release|Any CPU
		{B05C4763-5BB3-4FD2-8DB6-3753B1B09050}.Debug|Any CPU.ActiveCfg = Debug|Any CPU
		{B05C4763-5BB3-4FD2-8DB6-3753B1B09050}.Debug|Any CPU.Build.0 = Debug|Any CPU
		{B05C4763-5BB3-4FD2-8DB6-3753B1B09050}.Release|Any CPU.ActiveCfg = Release|Any CPU
		{B05C4763-5BB3-4FD2-8DB6-3753B1B09050}.Release|Any CPU.Build.0 = Release|Any CPU
		{7FA4187E-EC62-4FBE-932D-3D7C6EA1E4C1}.Debug|Any CPU.ActiveCfg = Debug|Any CPU
		{7FA4187E-EC62-4FBE-932D-3D7C6EA1E4C1}.Debug|Any CPU.Build.0 = Debug|Any CPU
		{7FA4187E-EC62-4FBE-932D-3D7C6EA1E4C1}.Release|Any CPU.ActiveCfg = Release|Any CPU
		{7FA4187E-EC62-4FBE-932D-3D7C6EA1E4C1}.Release|Any CPU.Build.0 = Release|Any CPU
		{25099E94-6E9A-4B11-850E-61C2F7257774}.Debug|Any CPU.ActiveCfg = Debug|Any CPU
		{25099E94-6E9A-4B11-850E-61C2F7257774}.Debug|Any CPU.Build.0 = Debug|Any CPU
		{25099E94-6E9A-4B11-850E-61C2F7257774}.Release|Any CPU.ActiveCfg = Release|Any CPU
		{25099E94-6E9A-4B11-850E-61C2F7257774}.Release|Any CPU.Build.0 = Release|Any CPU
		{DDD44E16-5E34-4F64-A7C6-605947374B2D}.Debug|Any CPU.ActiveCfg = Debug|Any CPU
		{DDD44E16-5E34-4F64-A7C6-605947374B2D}.Debug|Any CPU.Build.0 = Debug|Any CPU
		{DDD44E16-5E34-4F64-A7C6-605947374B2D}.Release|Any CPU.ActiveCfg = Release|Any CPU
		{DDD44E16-5E34-4F64-A7C6-605947374B2D}.Release|Any CPU.Build.0 = Release|Any CPU
		{E9FCA0AF-8C0F-4DC2-98E4-27AE4C890E63}.Debug|Any CPU.ActiveCfg = Debug|Any CPU
		{E9FCA0AF-8C0F-4DC2-98E4-27AE4C890E63}.Debug|Any CPU.Build.0 = Debug|Any CPU
		{E9FCA0AF-8C0F-4DC2-98E4-27AE4C890E63}.Release|Any CPU.ActiveCfg = Release|Any CPU
		{E9FCA0AF-8C0F-4DC2-98E4-27AE4C890E63}.Release|Any CPU.Build.0 = Release|Any CPU
		{058C8901-037E-4C95-ACCB-6DB77EA24357}.Debug|Any CPU.ActiveCfg = Debug|Any CPU
		{058C8901-037E-4C95-ACCB-6DB77EA24357}.Debug|Any CPU.Build.0 = Debug|Any CPU
		{058C8901-037E-4C95-ACCB-6DB77EA24357}.Release|Any CPU.ActiveCfg = Release|Any CPU
		{058C8901-037E-4C95-ACCB-6DB77EA24357}.Release|Any CPU.Build.0 = Release|Any CPU
		{DE1FA8BD-0FF2-446E-BF7E-B3664070126B}.Debug|Any CPU.ActiveCfg = Debug|Any CPU
		{DE1FA8BD-0FF2-446E-BF7E-B3664070126B}.Debug|Any CPU.Build.0 = Debug|Any CPU
		{DE1FA8BD-0FF2-446E-BF7E-B3664070126B}.Release|Any CPU.ActiveCfg = Release|Any CPU
		{DE1FA8BD-0FF2-446E-BF7E-B3664070126B}.Release|Any CPU.Build.0 = Release|Any CPU
		{0F29D925-1AE5-4383-9A69-AD6222BC60E5}.Debug|Any CPU.ActiveCfg = Debug|Any CPU
		{0F29D925-1AE5-4383-9A69-AD6222BC60E5}.Debug|Any CPU.Build.0 = Debug|Any CPU
		{0F29D925-1AE5-4383-9A69-AD6222BC60E5}.Release|Any CPU.ActiveCfg = Release|Any CPU
		{0F29D925-1AE5-4383-9A69-AD6222BC60E5}.Release|Any CPU.Build.0 = Release|Any CPU
		{38C1F06C-863D-4A46-A438-070D1BF20167}.Debug|Any CPU.ActiveCfg = Debug|Any CPU
		{38C1F06C-863D-4A46-A438-070D1BF20167}.Debug|Any CPU.Build.0 = Debug|Any CPU
		{38C1F06C-863D-4A46-A438-070D1BF20167}.Release|Any CPU.ActiveCfg = Release|Any CPU
		{38C1F06C-863D-4A46-A438-070D1BF20167}.Release|Any CPU.Build.0 = Release|Any CPU
		{57D917BA-C838-4C4B-931A-AEA4CB16EFA6}.Debug|Any CPU.ActiveCfg = Debug|Any CPU
		{57D917BA-C838-4C4B-931A-AEA4CB16EFA6}.Debug|Any CPU.Build.0 = Debug|Any CPU
		{57D917BA-C838-4C4B-931A-AEA4CB16EFA6}.Release|Any CPU.ActiveCfg = Release|Any CPU
		{57D917BA-C838-4C4B-931A-AEA4CB16EFA6}.Release|Any CPU.Build.0 = Release|Any CPU
	EndGlobalSection
	GlobalSection(SolutionProperties) = preSolution
		HideSolutionNode = FALSE
	EndGlobalSection
	GlobalSection(NestedProjects) = preSolution
		{77008696-41D5-4FAB-A79A-2A2DA1461798} = {1E4EE2DE-E149-49C8-8CC4-F72CF82CB3EB}
		{21B8F546-E123-4BB3-B761-A8B8E9235486} = {1E4EE2DE-E149-49C8-8CC4-F72CF82CB3EB}
		{98CBC8DA-531C-4615-9732-425639B14C1D} = {1E4EE2DE-E149-49C8-8CC4-F72CF82CB3EB}
		{09106E49-9E7D-49BE-8793-4BB4FE35F9CB} = {43A51781-7621-47A9-A4B1-667563D5BA49}
		{B05C4763-5BB3-4FD2-8DB6-3753B1B09050} = {43A51781-7621-47A9-A4B1-667563D5BA49}
		{7FA4187E-EC62-4FBE-932D-3D7C6EA1E4C1} = {0ED1D3EC-171E-4864-A465-B9F9418D81F6}
		{25099E94-6E9A-4B11-850E-61C2F7257774} = {0236F4A8-01EE-4766-AD37-E3A3A632DFB9}
		{DDD44E16-5E34-4F64-A7C6-605947374B2D} = {0236F4A8-01EE-4766-AD37-E3A3A632DFB9}
		{E9FCA0AF-8C0F-4DC2-98E4-27AE4C890E63} = {0236F4A8-01EE-4766-AD37-E3A3A632DFB9}
		{058C8901-037E-4C95-ACCB-6DB77EA24357} = {0236F4A8-01EE-4766-AD37-E3A3A632DFB9}
		{DE1FA8BD-0FF2-446E-BF7E-B3664070126B} = {9509705A-EFED-4A2E-8136-7285057BD43C}
		{0F29D925-1AE5-4383-9A69-AD6222BC60E5} = {9509705A-EFED-4A2E-8136-7285057BD43C}
		{38C1F06C-863D-4A46-A438-070D1BF20167} = {9509705A-EFED-4A2E-8136-7285057BD43C}
		{57D917BA-C838-4C4B-931A-AEA4CB16EFA6} = {9509705A-EFED-4A2E-8136-7285057BD43C}
	EndGlobalSection
EndGlobal
